# This file is automatically @generated by Cargo.
# It is not intended for manual editing.
version = 4

[[package]]
name = "dataflow-manager"
version = "0.1.0"

[[package]]
name = "dora-studio-client"
version = "0.1.0"

[[package]]
name = "dora-studio-shell"
version = "0.1.0"

[[package]]
name = "dora-studio-widgets"
version = "0.1.0"

[[package]]
name = "log-viewer"
version = "0.1.0"

[[package]]
name = "telemetry-dashboard"
version = "0.1.0"

[[package]]
name = "yaml-editor"
version = "0.1.0"
